
Microsoft Visual Studio Solution File, Format Version 12.00
# Visual Studio Version 17
VisualStudioVersion = 17.7.34003.232
MinimumVisualStudioVersion = 10.0.40219.1
Project("{FAE04EC0-301F-11D3-BF4B-00C04F79EFBC}") = "Fast_Report_API", "Fast_Report_API\Fast_Report_API.csproj", "{F8433576-106C-40E5-A40B-1289D74E6378}"
EndProject
Global
	GlobalSection(SolutionConfigurationPlatforms) = preSolution
		Debug|Any CPU = Debug|Any CPU
		Release|Any CPU = Release|Any CPU
	EndGlobalSection
	GlobalSection(ProjectConfigurationPlatforms) = postSolution
		{F8433576-106C-40E5-A40B-1289D74E6378}.Debug|Any CPU.ActiveCfg = Debug|Any CPU
		{F8433576-106C-40E5-A40B-1289D74E6378}.Debug|Any CPU.Build.0 = Debug|Any CPU
		{F8433576-106C-40E5-A40B-1289D74E6378}.Release|Any CPU.ActiveCfg = Release|Any CPU
		{F8433576-106C-40E5-A40B-1289D74E6378}.Release|Any CPU.Build.0 = Release|Any CPU
	EndGlobalSection
	GlobalSection(SolutionProperties) = preSolution
		HideSolutionNode = FALSE
	EndGlobalSection
	GlobalSection(ExtensibilityGlobals) = postSolution
		SolutionGuid = {1456DDCC-C07D-45A4-9499-2E83897C0695}
	EndGlobalSection
EndGlobal
